// !$*UTF8*$!
{
	archiveVersion = 1;
	classes = {
	};
	objectVersion = 51;
	objects = {

/* Begin PBXBuildFile section */
		2CD67032253F77D200D00B5E /* DetalheCafeViewController.swift in Sources */ = {isa = PBXBuildFile; fileRef = 2CD67031253F77D200D00B5E /* DetalheCafeViewController.swift */; };
		2CD67039253F7F8000D00B5E /* ContadorIntensidadeStackView.swift in Sources */ = {isa = PBXBuildFile; fileRef = 2CD67038253F7F8000D00B5E /* ContadorIntensidadeStackView.swift */; };
		2CD67041253F888400D00B5E /* DetalheCafePresenter.swift in Sources */ = {isa = PBXBuildFile; fileRef = 2CD67040253F888400D00B5E /* DetalheCafePresenter.swift */; };
		2CD67046253F890400D00B5E /* DetalheCafe+Protocolos.swift in Sources */ = {isa = PBXBuildFile; fileRef = 2CD67045253F890400D00B5E /* DetalheCafe+Protocolos.swift */; };
		47B332AA225AF3F334F1BAA4 /* Pods_NospressoTests.framework in Frameworks */ = {isa = PBXBuildFile; fileRef = 31CF2B1E13BF7A79573336B7 /* Pods_NospressoTests.framework */; };
		615E732CC391A5F80A991823 /* Pods_Nospresso.framework in Frameworks */ = {isa = PBXBuildFile; fileRef = B463DD3487EF2AFA46347A7B /* Pods_Nospresso.framework */; };
		81F79884253B178900A78EDB /* MenuProdutosViewController.swift in Sources */ = {isa = PBXBuildFile; fileRef = 81F79883253B178900A78EDB /* MenuProdutosViewController.swift */; };
		81F7988A253B1F4800A78EDB /* UIViewController+Barbadas.swift in Sources */ = {isa = PBXBuildFile; fileRef = 81F79889253B1F4800A78EDB /* UIViewController+Barbadas.swift */; };
		81F7989E253B2E6D00A78EDB /* R.generated.swift in Sources */ = {isa = PBXBuildFile; fileRef = 81F7989D253B2E6D00A78EDB /* R.generated.swift */; };
		81F798C1253B304400A78EDB /* Pseudonimos.swift in Sources */ = {isa = PBXBuildFile; fileRef = 81F798C0253B304400A78EDB /* Pseudonimos.swift */; };
		81F798C8253B31FF00A78EDB /* CategoriaDeCafeHeaderView.swift in Sources */ = {isa = PBXBuildFile; fileRef = 81F798C7253B31FF00A78EDB /* CategoriaDeCafeHeaderView.swift */; };
		81F798D0253B323D00A78EDB /* CategoriaDeCafeHeaderView.xib in Resources */ = {isa = PBXBuildFile; fileRef = 81F798CF253B323D00A78EDB /* CategoriaDeCafeHeaderView.xib */; };
		81F798D8253B3D3100A78EDB /* UIImageView+CarregarImagem.swift in Sources */ = {isa = PBXBuildFile; fileRef = 81F798D7253B3D3100A78EDB /* UIImageView+CarregarImagem.swift */; };
		8EA68FD8E1C9741DBE1877BA /* Pods_Nospresso_NospressoUITests.framework in Frameworks */ = {isa = PBXBuildFile; fileRef = 5B754B3661B4082387191435 /* Pods_Nospresso_NospressoUITests.framework */; };
		A703691C25386B930031EF69 /* Acessorio.swift in Sources */ = {isa = PBXBuildFile; fileRef = A703691B25386B930031EF69 /* Acessorio.swift */; };
		A703692125386C220031EF69 /* AcessorioItem.swift in Sources */ = {isa = PBXBuildFile; fileRef = A703692025386C220031EF69 /* AcessorioItem.swift */; };
		A71D89292538EC7600D26DD8 /* OpenSans-Bold.ttf in Resources */ = {isa = PBXBuildFile; fileRef = A71D891F2538EC7500D26DD8 /* OpenSans-Bold.ttf */; };
		A71D892A2538EC7600D26DD8 /* OpenSans-BoldItalic.ttf in Resources */ = {isa = PBXBuildFile; fileRef = A71D89202538EC7500D26DD8 /* OpenSans-BoldItalic.ttf */; };
		A71D892B2538EC7600D26DD8 /* OpenSans-Light.ttf in Resources */ = {isa = PBXBuildFile; fileRef = A71D89212538EC7500D26DD8 /* OpenSans-Light.ttf */; };
		A71D892C2538EC7600D26DD8 /* OpenSans-ExtraBoldItalic.ttf in Resources */ = {isa = PBXBuildFile; fileRef = A71D89222538EC7500D26DD8 /* OpenSans-ExtraBoldItalic.ttf */; };
		A71D892D2538EC7600D26DD8 /* OpenSans-Regular.ttf in Resources */ = {isa = PBXBuildFile; fileRef = A71D89232538EC7500D26DD8 /* OpenSans-Regular.ttf */; };
		A71D892E2538EC7600D26DD8 /* OpenSans-SemiBold.ttf in Resources */ = {isa = PBXBuildFile; fileRef = A71D89242538EC7500D26DD8 /* OpenSans-SemiBold.ttf */; };
		A71D892F2538EC7600D26DD8 /* OpenSans-LightItalic.ttf in Resources */ = {isa = PBXBuildFile; fileRef = A71D89252538EC7500D26DD8 /* OpenSans-LightItalic.ttf */; };
		A71D89302538EC7600D26DD8 /* OpenSans-Italic.ttf in Resources */ = {isa = PBXBuildFile; fileRef = A71D89262538EC7600D26DD8 /* OpenSans-Italic.ttf */; };
		A71D89312538EC7600D26DD8 /* OpenSans-SemiBoldItalic.ttf in Resources */ = {isa = PBXBuildFile; fileRef = A71D89272538EC7600D26DD8 /* OpenSans-SemiBoldItalic.ttf */; };
		A71D89322538EC7600D26DD8 /* OpenSans-ExtraBold.ttf in Resources */ = {isa = PBXBuildFile; fileRef = A71D89282538EC7600D26DD8 /* OpenSans-ExtraBold.ttf */; };
		A71D89392538F4B400D26DD8 /* CafesTableViewController.swift in Sources */ = {isa = PBXBuildFile; fileRef = A71D89382538F4B400D26DD8 /* CafesTableViewController.swift */; };
		A71D89412538FA9C00D26DD8 /* CafeTableViewCell.swift in Sources */ = {isa = PBXBuildFile; fileRef = A71D89402538FA9C00D26DD8 /* CafeTableViewCell.swift */; };
		A7677E6C25363AA5004FC18E /* AppDelegate.swift in Sources */ = {isa = PBXBuildFile; fileRef = A7677E6B25363AA5004FC18E /* AppDelegate.swift */; };
		A7677E6E25363AA5004FC18E /* SceneDelegate.swift in Sources */ = {isa = PBXBuildFile; fileRef = A7677E6D25363AA5004FC18E /* SceneDelegate.swift */; };
		A7677E7025363AA5004FC18E /* ViewController.swift in Sources */ = {isa = PBXBuildFile; fileRef = A7677E6F25363AA5004FC18E /* ViewController.swift */; };
		A7677E7325363AA5004FC18E /* Main.storyboard in Resources */ = {isa = PBXBuildFile; fileRef = A7677E7125363AA5004FC18E /* Main.storyboard */; };
		A7677E7525363AA7004FC18E /* Assets.xcassets in Resources */ = {isa = PBXBuildFile; fileRef = A7677E7425363AA7004FC18E /* Assets.xcassets */; };
		A7677E7825363AA7004FC18E /* LaunchScreen.storyboard in Resources */ = {isa = PBXBuildFile; fileRef = A7677E7625363AA7004FC18E /* LaunchScreen.storyboard */; };
		A7677E8325363AA7004FC18E /* NospressoTests.swift in Sources */ = {isa = PBXBuildFile; fileRef = A7677E8225363AA7004FC18E /* NospressoTests.swift */; };
		A7677E8E25363AA7004FC18E /* NospressoUITests.swift in Sources */ = {isa = PBXBuildFile; fileRef = A7677E8D25363AA7004FC18E /* NospressoUITests.swift */; };
		A78F143B2536593200CA0B85 /* CategoriaCafe.swift in Sources */ = {isa = PBXBuildFile; fileRef = A78F143A2536593200CA0B85 /* CategoriaCafe.swift */; };
		A78F14402536595400CA0B85 /* Cafe.swift in Sources */ = {isa = PBXBuildFile; fileRef = A78F143F2536595400CA0B85 /* Cafe.swift */; };
		A78F1445253659C000CA0B85 /* Maquina.swift in Sources */ = {isa = PBXBuildFile; fileRef = A78F1444253659C000CA0B85 /* Maquina.swift */; };
		A78F144B25365A0600CA0B85 /* Api.swift in Sources */ = {isa = PBXBuildFile; fileRef = A78F144A25365A0600CA0B85 /* Api.swift */; };
		A78F145325365A4E00CA0B85 /* Endpoint.swift in Sources */ = {isa = PBXBuildFile; fileRef = A78F145225365A4E00CA0B85 /* Endpoint.swift */; };
/* End PBXBuildFile section */

/* Begin PBXContainerItemProxy section */
		A7677E7F25363AA7004FC18E /* PBXContainerItemProxy */ = {
			isa = PBXContainerItemProxy;
			containerPortal = A7677E6025363AA5004FC18E /* Project object */;
			proxyType = 1;
			remoteGlobalIDString = A7677E6725363AA5004FC18E;
			remoteInfo = Nospresso;
		};
		A7677E8A25363AA7004FC18E /* PBXContainerItemProxy */ = {
			isa = PBXContainerItemProxy;
			containerPortal = A7677E6025363AA5004FC18E /* Project object */;
			proxyType = 1;
			remoteGlobalIDString = A7677E6725363AA5004FC18E;
			remoteInfo = Nospresso;
		};
/* End PBXContainerItemProxy section */

/* Begin PBXFileReference section */
		1A964DA7BE04C623F81C0DBE /* Pods-NospressoTests.release.xcconfig */ = {isa = PBXFileReference; includeInIndex = 1; lastKnownFileType = text.xcconfig; name = "Pods-NospressoTests.release.xcconfig"; path = "Target Support Files/Pods-NospressoTests/Pods-NospressoTests.release.xcconfig"; sourceTree = "<group>"; };
		2CD67031253F77D200D00B5E /* DetalheCafeViewController.swift */ = {isa = PBXFileReference; lastKnownFileType = sourcecode.swift; path = DetalheCafeViewController.swift; sourceTree = "<group>"; };
		2CD67038253F7F8000D00B5E /* ContadorIntensidadeStackView.swift */ = {isa = PBXFileReference; lastKnownFileType = sourcecode.swift; path = ContadorIntensidadeStackView.swift; sourceTree = "<group>"; };
		2CD67040253F888400D00B5E /* DetalheCafePresenter.swift */ = {isa = PBXFileReference; lastKnownFileType = sourcecode.swift; path = DetalheCafePresenter.swift; sourceTree = "<group>"; };
		2CD67045253F890400D00B5E /* DetalheCafe+Protocolos.swift */ = {isa = PBXFileReference; lastKnownFileType = sourcecode.swift; path = "DetalheCafe+Protocolos.swift"; sourceTree = "<group>"; };
		31CF2B1E13BF7A79573336B7 /* Pods_NospressoTests.framework */ = {isa = PBXFileReference; explicitFileType = wrapper.framework; includeInIndex = 0; path = Pods_NospressoTests.framework; sourceTree = BUILT_PRODUCTS_DIR; };
		5B754B3661B4082387191435 /* Pods_Nospresso_NospressoUITests.framework */ = {isa = PBXFileReference; explicitFileType = wrapper.framework; includeInIndex = 0; path = Pods_Nospresso_NospressoUITests.framework; sourceTree = BUILT_PRODUCTS_DIR; };
		78F070FA65CE622BF583B22D /* Pods-Nospresso-NospressoUITests.debug.xcconfig */ = {isa = PBXFileReference; includeInIndex = 1; lastKnownFileType = text.xcconfig; name = "Pods-Nospresso-NospressoUITests.debug.xcconfig"; path = "Target Support Files/Pods-Nospresso-NospressoUITests/Pods-Nospresso-NospressoUITests.debug.xcconfig"; sourceTree = "<group>"; };
		7B0002DB6B4AF97F9B1224EA /* Pods-Nospresso.release.xcconfig */ = {isa = PBXFileReference; includeInIndex = 1; lastKnownFileType = text.xcconfig; name = "Pods-Nospresso.release.xcconfig"; path = "Target Support Files/Pods-Nospresso/Pods-Nospresso.release.xcconfig"; sourceTree = "<group>"; };
		81F79883253B178900A78EDB /* MenuProdutosViewController.swift */ = {isa = PBXFileReference; lastKnownFileType = sourcecode.swift; path = MenuProdutosViewController.swift; sourceTree = "<group>"; };
		81F79889253B1F4800A78EDB /* UIViewController+Barbadas.swift */ = {isa = PBXFileReference; lastKnownFileType = sourcecode.swift; path = "UIViewController+Barbadas.swift"; sourceTree = "<group>"; };
		81F7989D253B2E6D00A78EDB /* R.generated.swift */ = {isa = PBXFileReference; fileEncoding = 4; lastKnownFileType = sourcecode.swift; path = R.generated.swift; sourceTree = SOURCE_ROOT; };
		81F798C0253B304400A78EDB /* Pseudonimos.swift */ = {isa = PBXFileReference; lastKnownFileType = sourcecode.swift; path = Pseudonimos.swift; sourceTree = "<group>"; };
		81F798C7253B31FF00A78EDB /* CategoriaDeCafeHeaderView.swift */ = {isa = PBXFileReference; lastKnownFileType = sourcecode.swift; path = CategoriaDeCafeHeaderView.swift; sourceTree = "<group>"; };
		81F798CF253B323D00A78EDB /* CategoriaDeCafeHeaderView.xib */ = {isa = PBXFileReference; lastKnownFileType = file.xib; path = CategoriaDeCafeHeaderView.xib; sourceTree = "<group>"; };
		81F798D7253B3D3100A78EDB /* UIImageView+CarregarImagem.swift */ = {isa = PBXFileReference; lastKnownFileType = sourcecode.swift; path = "UIImageView+CarregarImagem.swift"; sourceTree = "<group>"; };
		A703691B25386B930031EF69 /* Acessorio.swift */ = {isa = PBXFileReference; lastKnownFileType = sourcecode.swift; path = Acessorio.swift; sourceTree = "<group>"; };
		A703692025386C220031EF69 /* AcessorioItem.swift */ = {isa = PBXFileReference; lastKnownFileType = sourcecode.swift; path = AcessorioItem.swift; sourceTree = "<group>"; };
		A71D891F2538EC7500D26DD8 /* OpenSans-Bold.ttf */ = {isa = PBXFileReference; lastKnownFileType = file; path = "OpenSans-Bold.ttf"; sourceTree = "<group>"; };
		A71D89202538EC7500D26DD8 /* OpenSans-BoldItalic.ttf */ = {isa = PBXFileReference; lastKnownFileType = file; path = "OpenSans-BoldItalic.ttf"; sourceTree = "<group>"; };
		A71D89212538EC7500D26DD8 /* OpenSans-Light.ttf */ = {isa = PBXFileReference; lastKnownFileType = file; path = "OpenSans-Light.ttf"; sourceTree = "<group>"; };
		A71D89222538EC7500D26DD8 /* OpenSans-ExtraBoldItalic.ttf */ = {isa = PBXFileReference; lastKnownFileType = file; path = "OpenSans-ExtraBoldItalic.ttf"; sourceTree = "<group>"; };
		A71D89232538EC7500D26DD8 /* OpenSans-Regular.ttf */ = {isa = PBXFileReference; lastKnownFileType = file; path = "OpenSans-Regular.ttf"; sourceTree = "<group>"; };
		A71D89242538EC7500D26DD8 /* OpenSans-SemiBold.ttf */ = {isa = PBXFileReference; lastKnownFileType = file; path = "OpenSans-SemiBold.ttf"; sourceTree = "<group>"; };
		A71D89252538EC7500D26DD8 /* OpenSans-LightItalic.ttf */ = {isa = PBXFileReference; lastKnownFileType = file; path = "OpenSans-LightItalic.ttf"; sourceTree = "<group>"; };
		A71D89262538EC7600D26DD8 /* OpenSans-Italic.ttf */ = {isa = PBXFileReference; lastKnownFileType = file; path = "OpenSans-Italic.ttf"; sourceTree = "<group>"; };
		A71D89272538EC7600D26DD8 /* OpenSans-SemiBoldItalic.ttf */ = {isa = PBXFileReference; lastKnownFileType = file; path = "OpenSans-SemiBoldItalic.ttf"; sourceTree = "<group>"; };
		A71D89282538EC7600D26DD8 /* OpenSans-ExtraBold.ttf */ = {isa = PBXFileReference; lastKnownFileType = file; path = "OpenSans-ExtraBold.ttf"; sourceTree = "<group>"; };
		A71D89382538F4B400D26DD8 /* CafesTableViewController.swift */ = {isa = PBXFileReference; lastKnownFileType = sourcecode.swift; path = CafesTableViewController.swift; sourceTree = "<group>"; };
		A71D89402538FA9C00D26DD8 /* CafeTableViewCell.swift */ = {isa = PBXFileReference; lastKnownFileType = sourcecode.swift; path = CafeTableViewCell.swift; sourceTree = "<group>"; };
		A7677E6825363AA5004FC18E /* Nospresso.app */ = {isa = PBXFileReference; explicitFileType = wrapper.application; includeInIndex = 0; path = Nospresso.app; sourceTree = BUILT_PRODUCTS_DIR; };
		A7677E6B25363AA5004FC18E /* AppDelegate.swift */ = {isa = PBXFileReference; lastKnownFileType = sourcecode.swift; path = AppDelegate.swift; sourceTree = "<group>"; };
		A7677E6D25363AA5004FC18E /* SceneDelegate.swift */ = {isa = PBXFileReference; lastKnownFileType = sourcecode.swift; path = SceneDelegate.swift; sourceTree = "<group>"; };
		A7677E6F25363AA5004FC18E /* ViewController.swift */ = {isa = PBXFileReference; lastKnownFileType = sourcecode.swift; path = ViewController.swift; sourceTree = "<group>"; };
		A7677E7225363AA5004FC18E /* Base */ = {isa = PBXFileReference; lastKnownFileType = file.storyboard; name = Base; path = Base.lproj/Main.storyboard; sourceTree = "<group>"; };
		A7677E7425363AA7004FC18E /* Assets.xcassets */ = {isa = PBXFileReference; lastKnownFileType = folder.assetcatalog; path = Assets.xcassets; sourceTree = "<group>"; };
		A7677E7725363AA7004FC18E /* Base */ = {isa = PBXFileReference; lastKnownFileType = file.storyboard; name = Base; path = Base.lproj/LaunchScreen.storyboard; sourceTree = "<group>"; };
		A7677E7925363AA7004FC18E /* Info.plist */ = {isa = PBXFileReference; lastKnownFileType = text.plist.xml; path = Info.plist; sourceTree = "<group>"; };
		A7677E7E25363AA7004FC18E /* NospressoTests.xctest */ = {isa = PBXFileReference; explicitFileType = wrapper.cfbundle; includeInIndex = 0; path = NospressoTests.xctest; sourceTree = BUILT_PRODUCTS_DIR; };
		A7677E8225363AA7004FC18E /* NospressoTests.swift */ = {isa = PBXFileReference; lastKnownFileType = sourcecode.swift; path = NospressoTests.swift; sourceTree = "<group>"; };
		A7677E8425363AA7004FC18E /* Info.plist */ = {isa = PBXFileReference; lastKnownFileType = text.plist.xml; path = Info.plist; sourceTree = "<group>"; };
		A7677E8925363AA7004FC18E /* NospressoUITests.xctest */ = {isa = PBXFileReference; explicitFileType = wrapper.cfbundle; includeInIndex = 0; path = NospressoUITests.xctest; sourceTree = BUILT_PRODUCTS_DIR; };
		A7677E8D25363AA7004FC18E /* NospressoUITests.swift */ = {isa = PBXFileReference; lastKnownFileType = sourcecode.swift; path = NospressoUITests.swift; sourceTree = "<group>"; };
		A7677E8F25363AA7004FC18E /* Info.plist */ = {isa = PBXFileReference; lastKnownFileType = text.plist.xml; path = Info.plist; sourceTree = "<group>"; };
		A78F143A2536593200CA0B85 /* CategoriaCafe.swift */ = {isa = PBXFileReference; lastKnownFileType = sourcecode.swift; path = CategoriaCafe.swift; sourceTree = "<group>"; };
		A78F143F2536595400CA0B85 /* Cafe.swift */ = {isa = PBXFileReference; lastKnownFileType = sourcecode.swift; path = Cafe.swift; sourceTree = "<group>"; };
		A78F1444253659C000CA0B85 /* Maquina.swift */ = {isa = PBXFileReference; lastKnownFileType = sourcecode.swift; path = Maquina.swift; sourceTree = "<group>"; };
		A78F144A25365A0600CA0B85 /* Api.swift */ = {isa = PBXFileReference; lastKnownFileType = sourcecode.swift; path = Api.swift; sourceTree = "<group>"; };
		A78F145225365A4E00CA0B85 /* Endpoint.swift */ = {isa = PBXFileReference; lastKnownFileType = sourcecode.swift; path = Endpoint.swift; sourceTree = "<group>"; };
		B463DD3487EF2AFA46347A7B /* Pods_Nospresso.framework */ = {isa = PBXFileReference; explicitFileType = wrapper.framework; includeInIndex = 0; path = Pods_Nospresso.framework; sourceTree = BUILT_PRODUCTS_DIR; };
		B62887B1061DB087DAAEC9A2 /* Pods-NospressoTests.debug.xcconfig */ = {isa = PBXFileReference; includeInIndex = 1; lastKnownFileType = text.xcconfig; name = "Pods-NospressoTests.debug.xcconfig"; path = "Target Support Files/Pods-NospressoTests/Pods-NospressoTests.debug.xcconfig"; sourceTree = "<group>"; };
		C6E886A33C071931C597D3ED /* Pods-Nospresso.debug.xcconfig */ = {isa = PBXFileReference; includeInIndex = 1; lastKnownFileType = text.xcconfig; name = "Pods-Nospresso.debug.xcconfig"; path = "Target Support Files/Pods-Nospresso/Pods-Nospresso.debug.xcconfig"; sourceTree = "<group>"; };
		EE401CBE903BE4304466895F /* Pods-Nospresso-NospressoUITests.release.xcconfig */ = {isa = PBXFileReference; includeInIndex = 1; lastKnownFileType = text.xcconfig; name = "Pods-Nospresso-NospressoUITests.release.xcconfig"; path = "Target Support Files/Pods-Nospresso-NospressoUITests/Pods-Nospresso-NospressoUITests.release.xcconfig"; sourceTree = "<group>"; };
/* End PBXFileReference section */

/* Begin PBXFrameworksBuildPhase section */
		A7677E6525363AA5004FC18E /* Frameworks */ = {
			isa = PBXFrameworksBuildPhase;
			buildActionMask = 2147483647;
			files = (
				615E732CC391A5F80A991823 /* Pods_Nospresso.framework in Frameworks */,
			);
			runOnlyForDeploymentPostprocessing = 0;
		};
		A7677E7B25363AA7004FC18E /* Frameworks */ = {
			isa = PBXFrameworksBuildPhase;
			buildActionMask = 2147483647;
			files = (
				47B332AA225AF3F334F1BAA4 /* Pods_NospressoTests.framework in Frameworks */,
			);
			runOnlyForDeploymentPostprocessing = 0;
		};
		A7677E8625363AA7004FC18E /* Frameworks */ = {
			isa = PBXFrameworksBuildPhase;
			buildActionMask = 2147483647;
			files = (
				8EA68FD8E1C9741DBE1877BA /* Pods_Nospresso_NospressoUITests.framework in Frameworks */,
			);
			runOnlyForDeploymentPostprocessing = 0;
		};
/* End PBXFrameworksBuildPhase section */

/* Begin PBXGroup section */
		2CD67030253F77AC00D00B5E /* DetalheCafe */ = {
			isa = PBXGroup;
			children = (
				2CD67037253F7F6600D00B5E /* Componentes */,
				2CD67031253F77D200D00B5E /* DetalheCafeViewController.swift */,
				2CD67040253F888400D00B5E /* DetalheCafePresenter.swift */,
				2CD67045253F890400D00B5E /* DetalheCafe+Protocolos.swift */,
			);
			path = DetalheCafe;
			sourceTree = "<group>";
		};
		2CD67037253F7F6600D00B5E /* Componentes */ = {
			isa = PBXGroup;
			children = (
				2CD67038253F7F8000D00B5E /* ContadorIntensidadeStackView.swift */,
			);
			path = Componentes;
			sourceTree = "<group>";
		};
		2F56E5DEB7705A1C62485BB7 /* Pods */ = {
			isa = PBXGroup;
			children = (
				C6E886A33C071931C597D3ED /* Pods-Nospresso.debug.xcconfig */,
				7B0002DB6B4AF97F9B1224EA /* Pods-Nospresso.release.xcconfig */,
				78F070FA65CE622BF583B22D /* Pods-Nospresso-NospressoUITests.debug.xcconfig */,
				EE401CBE903BE4304466895F /* Pods-Nospresso-NospressoUITests.release.xcconfig */,
				B62887B1061DB087DAAEC9A2 /* Pods-NospressoTests.debug.xcconfig */,
				1A964DA7BE04C623F81C0DBE /* Pods-NospressoTests.release.xcconfig */,
			);
			path = Pods;
			sourceTree = "<group>";
		};
		81F79888253B1F3900A78EDB /* Extensoes */ = {
			isa = PBXGroup;
			children = (
				81F79889253B1F4800A78EDB /* UIViewController+Barbadas.swift */,
				81F798C0253B304400A78EDB /* Pseudonimos.swift */,
				81F798D7253B3D3100A78EDB /* UIImageView+CarregarImagem.swift */,
			);
			path = Extensoes;
			sourceTree = "<group>";
		};
		81F798C5253B316700A78EDB /* Componentes */ = {
			isa = PBXGroup;
			children = (
				81F798C6253B316F00A78EDB /* Celulas */,
			);
			path = Componentes;
			sourceTree = "<group>";
		};
		81F798C6253B316F00A78EDB /* Celulas */ = {
			isa = PBXGroup;
			children = (
				A71D89402538FA9C00D26DD8 /* CafeTableViewCell.swift */,
				81F798C7253B31FF00A78EDB /* CategoriaDeCafeHeaderView.swift */,
				81F798CF253B323D00A78EDB /* CategoriaDeCafeHeaderView.xib */,
			);
			path = Celulas;
			sourceTree = "<group>";
		};
		A71D891D2538EB5100D26DD8 /* Recursos */ = {
			isa = PBXGroup;
			children = (
				A71D891E2538EB6900D26DD8 /* Fontes */,
			);
			path = Recursos;
			sourceTree = "<group>";
		};
		A71D891E2538EB6900D26DD8 /* Fontes */ = {
			isa = PBXGroup;
			children = (
				A71D891F2538EC7500D26DD8 /* OpenSans-Bold.ttf */,
				A71D89202538EC7500D26DD8 /* OpenSans-BoldItalic.ttf */,
				A71D89282538EC7600D26DD8 /* OpenSans-ExtraBold.ttf */,
				A71D89222538EC7500D26DD8 /* OpenSans-ExtraBoldItalic.ttf */,
				A71D89262538EC7600D26DD8 /* OpenSans-Italic.ttf */,
				A71D89212538EC7500D26DD8 /* OpenSans-Light.ttf */,
				A71D89252538EC7500D26DD8 /* OpenSans-LightItalic.ttf */,
				A71D89232538EC7500D26DD8 /* OpenSans-Regular.ttf */,
				A71D89242538EC7500D26DD8 /* OpenSans-SemiBold.ttf */,
				A71D89272538EC7600D26DD8 /* OpenSans-SemiBoldItalic.ttf */,
			);
			path = Fontes;
			sourceTree = "<group>";
		};
		A71D89362538F48C00D26DD8 /* Modulos */ = {
			isa = PBXGroup;
			children = (
				2CD67030253F77AC00D00B5E /* DetalheCafe */,
				A71D89372538F49600D26DD8 /* Cafes */,
				81F79883253B178900A78EDB /* MenuProdutosViewController.swift */,
			);
			path = Modulos;
			sourceTree = "<group>";
		};
		A71D89372538F49600D26DD8 /* Cafes */ = {
			isa = PBXGroup;
			children = (
				81F798C5253B316700A78EDB /* Componentes */,
				A71D89382538F4B400D26DD8 /* CafesTableViewController.swift */,
			);
			path = Cafes;
			sourceTree = "<group>";
		};
		A7677E5F25363AA5004FC18E = {
			isa = PBXGroup;
			children = (
				A7677E6A25363AA5004FC18E /* Nospresso */,
				A7677E8125363AA7004FC18E /* NospressoTests */,
				A7677E8C25363AA7004FC18E /* NospressoUITests */,
				A7677E6925363AA5004FC18E /* Products */,
				2F56E5DEB7705A1C62485BB7 /* Pods */,
				B602F33308DCDB587D175A46 /* Frameworks */,
			);
			sourceTree = "<group>";
		};
		A7677E6925363AA5004FC18E /* Products */ = {
			isa = PBXGroup;
			children = (
				A7677E6825363AA5004FC18E /* Nospresso.app */,
				A7677E7E25363AA7004FC18E /* NospressoTests.xctest */,
				A7677E8925363AA7004FC18E /* NospressoUITests.xctest */,
			);
			name = Products;
			sourceTree = "<group>";
		};
		A7677E6A25363AA5004FC18E /* Nospresso */ = {
			isa = PBXGroup;
			children = (
				81F7989D253B2E6D00A78EDB /* R.generated.swift */,
				81F79888253B1F3900A78EDB /* Extensoes */,
				A71D89362538F48C00D26DD8 /* Modulos */,
				A71D891D2538EB5100D26DD8 /* Recursos */,
				A78F1449253659FA00CA0B85 /* Api */,
				A78F14392536592500CA0B85 /* Modelos */,
				A7677E6B25363AA5004FC18E /* AppDelegate.swift */,
				A7677E6D25363AA5004FC18E /* SceneDelegate.swift */,
				A7677E6F25363AA5004FC18E /* ViewController.swift */,
				A7677E7125363AA5004FC18E /* Main.storyboard */,
				A7677E7425363AA7004FC18E /* Assets.xcassets */,
				A7677E7625363AA7004FC18E /* LaunchScreen.storyboard */,
				A7677E7925363AA7004FC18E /* Info.plist */,
			);
			path = Nospresso;
			sourceTree = "<group>";
		};
		A7677E8125363AA7004FC18E /* NospressoTests */ = {
			isa = PBXGroup;
			children = (
				A7677E8225363AA7004FC18E /* NospressoTests.swift */,
				A7677E8425363AA7004FC18E /* Info.plist */,
			);
			path = NospressoTests;
			sourceTree = "<group>";
		};
		A7677E8C25363AA7004FC18E /* NospressoUITests */ = {
			isa = PBXGroup;
			children = (
				A7677E8D25363AA7004FC18E /* NospressoUITests.swift */,
				A7677E8F25363AA7004FC18E /* Info.plist */,
			);
			path = NospressoUITests;
			sourceTree = "<group>";
		};
		A78F14392536592500CA0B85 /* Modelos */ = {
			isa = PBXGroup;
			children = (
				A78F143A2536593200CA0B85 /* CategoriaCafe.swift */,
				A78F143F2536595400CA0B85 /* Cafe.swift */,
				A78F1444253659C000CA0B85 /* Maquina.swift */,
				A703691B25386B930031EF69 /* Acessorio.swift */,
				A703692025386C220031EF69 /* AcessorioItem.swift */,
			);
			path = Modelos;
			sourceTree = "<group>";
		};
		A78F1449253659FA00CA0B85 /* Api */ = {
			isa = PBXGroup;
			children = (
				A78F144A25365A0600CA0B85 /* Api.swift */,
				A78F145225365A4E00CA0B85 /* Endpoint.swift */,
			);
			path = Api;
			sourceTree = "<group>";
		};
		B602F33308DCDB587D175A46 /* Frameworks */ = {
			isa = PBXGroup;
			children = (
				B463DD3487EF2AFA46347A7B /* Pods_Nospresso.framework */,
				5B754B3661B4082387191435 /* Pods_Nospresso_NospressoUITests.framework */,
				31CF2B1E13BF7A79573336B7 /* Pods_NospressoTests.framework */,
			);
			name = Frameworks;
			sourceTree = "<group>";
		};
/* End PBXGroup section */

/* Begin PBXNativeTarget section */
		A7677E6725363AA5004FC18E /* Nospresso */ = {
			isa = PBXNativeTarget;
			buildConfigurationList = A7677E9225363AA7004FC18E /* Build configuration list for PBXNativeTarget "Nospresso" */;
			buildPhases = (
				41C0D120C38DCC08CFAE1D53 /* [CP] Check Pods Manifest.lock */,
				81F7988E253B286B00A78EDB /* R.swift Run Script */,
				A7677E6425363AA5004FC18E /* Sources */,
				A7677E6525363AA5004FC18E /* Frameworks */,
				A7677E6625363AA5004FC18E /* Resources */,
				BD3284A6038C5636D217CF46 /* [CP] Embed Pods Frameworks */,
			);
			buildRules = (
			);
			dependencies = (
			);
			name = Nospresso;
			productName = Nospresso;
			productReference = A7677E6825363AA5004FC18E /* Nospresso.app */;
			productType = "com.apple.product-type.application";
		};
		A7677E7D25363AA7004FC18E /* NospressoTests */ = {
			isa = PBXNativeTarget;
			buildConfigurationList = A7677E9525363AA7004FC18E /* Build configuration list for PBXNativeTarget "NospressoTests" */;
			buildPhases = (
				38CC1084884C346C1FE8A496 /* [CP] Check Pods Manifest.lock */,
				A7677E7A25363AA7004FC18E /* Sources */,
				A7677E7B25363AA7004FC18E /* Frameworks */,
				A7677E7C25363AA7004FC18E /* Resources */,
				7C81E6EE1F4AF5997B89A1D6 /* [CP] Embed Pods Frameworks */,
			);
			buildRules = (
			);
			dependencies = (
				A7677E8025363AA7004FC18E /* PBXTargetDependency */,
			);
			name = NospressoTests;
			productName = NospressoTests;
			productReference = A7677E7E25363AA7004FC18E /* NospressoTests.xctest */;
			productType = "com.apple.product-type.bundle.unit-test";
		};
		A7677E8825363AA7004FC18E /* NospressoUITests */ = {
			isa = PBXNativeTarget;
			buildConfigurationList = A7677E9825363AA7004FC18E /* Build configuration list for PBXNativeTarget "NospressoUITests" */;
			buildPhases = (
				946A4BA84984A493AED8DAE1 /* [CP] Check Pods Manifest.lock */,
				A7677E8525363AA7004FC18E /* Sources */,
				A7677E8625363AA7004FC18E /* Frameworks */,
				A7677E8725363AA7004FC18E /* Resources */,
				7593AA3038B8018F1A256E60 /* [CP] Embed Pods Frameworks */,
			);
			buildRules = (
			);
			dependencies = (
				A7677E8B25363AA7004FC18E /* PBXTargetDependency */,
			);
			name = NospressoUITests;
			productName = NospressoUITests;
			productReference = A7677E8925363AA7004FC18E /* NospressoUITests.xctest */;
			productType = "com.apple.product-type.bundle.ui-testing";
		};
/* End PBXNativeTarget section */

/* Begin PBXProject section */
		A7677E6025363AA5004FC18E /* Project object */ = {
			isa = PBXProject;
			attributes = {
				LastSwiftUpdateCheck = 1200;
				LastUpgradeCheck = 1200;
				TargetAttributes = {
					A7677E6725363AA5004FC18E = {
						CreatedOnToolsVersion = 12.0.1;
					};
					A7677E7D25363AA7004FC18E = {
						CreatedOnToolsVersion = 12.0.1;
						TestTargetID = A7677E6725363AA5004FC18E;
					};
					A7677E8825363AA7004FC18E = {
						CreatedOnToolsVersion = 12.0.1;
						TestTargetID = A7677E6725363AA5004FC18E;
					};
				};
			};
			buildConfigurationList = A7677E6325363AA5004FC18E /* Build configuration list for PBXProject "Nospresso" */;
			compatibilityVersion = "Xcode 9.3";
			developmentRegion = en;
			hasScannedForEncodings = 0;
			knownRegions = (
				en,
				Base,
			);
			mainGroup = A7677E5F25363AA5004FC18E;
			productRefGroup = A7677E6925363AA5004FC18E /* Products */;
			projectDirPath = "";
			projectRoot = "";
			targets = (
				A7677E6725363AA5004FC18E /* Nospresso */,
				A7677E7D25363AA7004FC18E /* NospressoTests */,
				A7677E8825363AA7004FC18E /* NospressoUITests */,
			);
		};
/* End PBXProject section */

/* Begin PBXResourcesBuildPhase section */
		A7677E6625363AA5004FC18E /* Resources */ = {
			isa = PBXResourcesBuildPhase;
			buildActionMask = 2147483647;
			files = (
				A71D89312538EC7600D26DD8 /* OpenSans-SemiBoldItalic.ttf in Resources */,
				A71D892B2538EC7600D26DD8 /* OpenSans-Light.ttf in Resources */,
				A71D89302538EC7600D26DD8 /* OpenSans-Italic.ttf in Resources */,
				A71D892E2538EC7600D26DD8 /* OpenSans-SemiBold.ttf in Resources */,
				A71D892C2538EC7600D26DD8 /* OpenSans-ExtraBoldItalic.ttf in Resources */,
				A7677E7825363AA7004FC18E /* LaunchScreen.storyboard in Resources */,
				A71D892F2538EC7600D26DD8 /* OpenSans-LightItalic.ttf in Resources */,
				A7677E7525363AA7004FC18E /* Assets.xcassets in Resources */,
				A71D89292538EC7600D26DD8 /* OpenSans-Bold.ttf in Resources */,
				A7677E7325363AA5004FC18E /* Main.storyboard in Resources */,
				A71D892D2538EC7600D26DD8 /* OpenSans-Regular.ttf in Resources */,
				A71D892A2538EC7600D26DD8 /* OpenSans-BoldItalic.ttf in Resources */,
				A71D89322538EC7600D26DD8 /* OpenSans-ExtraBold.ttf in Resources */,
				81F798D0253B323D00A78EDB /* CategoriaDeCafeHeaderView.xib in Resources */,
			);
			runOnlyForDeploymentPostprocessing = 0;
		};
		A7677E7C25363AA7004FC18E /* Resources */ = {
			isa = PBXResourcesBuildPhase;
			buildActionMask = 2147483647;
			files = (
			);
			runOnlyForDeploymentPostprocessing = 0;
		};
		A7677E8725363AA7004FC18E /* Resources */ = {
			isa = PBXResourcesBuildPhase;
			buildActionMask = 2147483647;
			files = (
			);
			runOnlyForDeploymentPostprocessing = 0;
		};
/* End PBXResourcesBuildPhase section */

/* Begin PBXShellScriptBuildPhase section */
		38CC1084884C346C1FE8A496 /* [CP] Check Pods Manifest.lock */ = {
			isa = PBXShellScriptBuildPhase;
			buildActionMask = 2147483647;
			files = (
			);
			inputFileListPaths = (
			);
			inputPaths = (
				"${PODS_PODFILE_DIR_PATH}/Podfile.lock",
				"${PODS_ROOT}/Manifest.lock",
			);
			name = "[CP] Check Pods Manifest.lock";
			outputFileListPaths = (
			);
			outputPaths = (
				"$(DERIVED_FILE_DIR)/Pods-NospressoTests-checkManifestLockResult.txt",
			);
			runOnlyForDeploymentPostprocessing = 0;
			shellPath = /bin/sh;
			shellScript = "diff \"${PODS_PODFILE_DIR_PATH}/Podfile.lock\" \"${PODS_ROOT}/Manifest.lock\" > /dev/null\nif [ $? != 0 ] ; then\n    # print error to STDERR\n    echo \"error: The sandbox is not in sync with the Podfile.lock. Run 'pod install' or update your CocoaPods installation.\" >&2\n    exit 1\nfi\n# This output is used by Xcode 'outputs' to avoid re-running this script phase.\necho \"SUCCESS\" > \"${SCRIPT_OUTPUT_FILE_0}\"\n";
			showEnvVarsInLog = 0;
		};
		41C0D120C38DCC08CFAE1D53 /* [CP] Check Pods Manifest.lock */ = {
			isa = PBXShellScriptBuildPhase;
			buildActionMask = 2147483647;
			files = (
			);
			inputFileListPaths = (
			);
			inputPaths = (
				"${PODS_PODFILE_DIR_PATH}/Podfile.lock",
				"${PODS_ROOT}/Manifest.lock",
			);
			name = "[CP] Check Pods Manifest.lock";
			outputFileListPaths = (
			);
			outputPaths = (
				"$(DERIVED_FILE_DIR)/Pods-Nospresso-checkManifestLockResult.txt",
			);
			runOnlyForDeploymentPostprocessing = 0;
			shellPath = /bin/sh;
			shellScript = "diff \"${PODS_PODFILE_DIR_PATH}/Podfile.lock\" \"${PODS_ROOT}/Manifest.lock\" > /dev/null\nif [ $? != 0 ] ; then\n    # print error to STDERR\n    echo \"error: The sandbox is not in sync with the Podfile.lock. Run 'pod install' or update your CocoaPods installation.\" >&2\n    exit 1\nfi\n# This output is used by Xcode 'outputs' to avoid re-running this script phase.\necho \"SUCCESS\" > \"${SCRIPT_OUTPUT_FILE_0}\"\n";
			showEnvVarsInLog = 0;
		};
		7593AA3038B8018F1A256E60 /* [CP] Embed Pods Frameworks */ = {
			isa = PBXShellScriptBuildPhase;
			buildActionMask = 2147483647;
			files = (
			);
			inputFileListPaths = (
				"${PODS_ROOT}/Target Support Files/Pods-Nospresso-NospressoUITests/Pods-Nospresso-NospressoUITests-frameworks-${CONFIGURATION}-input-files.xcfilelist",
			);
			name = "[CP] Embed Pods Frameworks";
			outputFileListPaths = (
				"${PODS_ROOT}/Target Support Files/Pods-Nospresso-NospressoUITests/Pods-Nospresso-NospressoUITests-frameworks-${CONFIGURATION}-output-files.xcfilelist",
			);
			runOnlyForDeploymentPostprocessing = 0;
			shellPath = /bin/sh;
			shellScript = "\"${PODS_ROOT}/Target Support Files/Pods-Nospresso-NospressoUITests/Pods-Nospresso-NospressoUITests-frameworks.sh\"\n";
			showEnvVarsInLog = 0;
		};
		7C81E6EE1F4AF5997B89A1D6 /* [CP] Embed Pods Frameworks */ = {
			isa = PBXShellScriptBuildPhase;
			buildActionMask = 2147483647;
			files = (
			);
			inputFileListPaths = (
				"${PODS_ROOT}/Target Support Files/Pods-NospressoTests/Pods-NospressoTests-frameworks-${CONFIGURATION}-input-files.xcfilelist",
			);
			name = "[CP] Embed Pods Frameworks";
			outputFileListPaths = (
				"${PODS_ROOT}/Target Support Files/Pods-NospressoTests/Pods-NospressoTests-frameworks-${CONFIGURATION}-output-files.xcfilelist",
			);
			runOnlyForDeploymentPostprocessing = 0;
			shellPath = /bin/sh;
			shellScript = "\"${PODS_ROOT}/Target Support Files/Pods-NospressoTests/Pods-NospressoTests-frameworks.sh\"\n";
			showEnvVarsInLog = 0;
		};
		81F7988E253B286B00A78EDB /* R.swift Run Script */ = {
			isa = PBXShellScriptBuildPhase;
			buildActionMask = 2147483647;
			files = (
			);
			inputFileListPaths = (
			);
			inputPaths = (
				"$TEMP_DIR/rswift-lastrun",
			);
			name = "R.swift Run Script";
			outputFileListPaths = (
			);
			outputPaths = (
				$SRCROOT/R.generated.swift,
			);
			runOnlyForDeploymentPostprocessing = 0;
			shellPath = /bin/sh;
			shellScript = "\"$PODS_ROOT/R.swift/rswift\" generate \"$SRCROOT/R.generated.swift\"\n";
		};
		946A4BA84984A493AED8DAE1 /* [CP] Check Pods Manifest.lock */ = {
			isa = PBXShellScriptBuildPhase;
			buildActionMask = 2147483647;
			files = (
			);
			inputFileListPaths = (
			);
			inputPaths = (
				"${PODS_PODFILE_DIR_PATH}/Podfile.lock",
				"${PODS_ROOT}/Manifest.lock",
			);
			name = "[CP] Check Pods Manifest.lock";
			outputFileListPaths = (
			);
			outputPaths = (
				"$(DERIVED_FILE_DIR)/Pods-Nospresso-NospressoUITests-checkManifestLockResult.txt",
			);
			runOnlyForDeploymentPostprocessing = 0;
			shellPath = /bin/sh;
			shellScript = "diff \"${PODS_PODFILE_DIR_PATH}/Podfile.lock\" \"${PODS_ROOT}/Manifest.lock\" > /dev/null\nif [ $? != 0 ] ; then\n    # print error to STDERR\n    echo \"error: The sandbox is not in sync with the Podfile.lock. Run 'pod install' or update your CocoaPods installation.\" >&2\n    exit 1\nfi\n# This output is used by Xcode 'outputs' to avoid re-running this script phase.\necho \"SUCCESS\" > \"${SCRIPT_OUTPUT_FILE_0}\"\n";
			showEnvVarsInLog = 0;
		};
		BD3284A6038C5636D217CF46 /* [CP] Embed Pods Frameworks */ = {
			isa = PBXShellScriptBuildPhase;
			buildActionMask = 2147483647;
			files = (
			);
			inputFileListPaths = (
				"${PODS_ROOT}/Target Support Files/Pods-Nospresso/Pods-Nospresso-frameworks-${CONFIGURATION}-input-files.xcfilelist",
			);
			name = "[CP] Embed Pods Frameworks";
			outputFileListPaths = (
				"${PODS_ROOT}/Target Support Files/Pods-Nospresso/Pods-Nospresso-frameworks-${CONFIGURATION}-output-files.xcfilelist",
			);
			runOnlyForDeploymentPostprocessing = 0;
			shellPath = /bin/sh;
			shellScript = "\"${PODS_ROOT}/Target Support Files/Pods-Nospresso/Pods-Nospresso-frameworks.sh\"\n";
			showEnvVarsInLog = 0;
		};
/* End PBXShellScriptBuildPhase section */

/* Begin PBXSourcesBuildPhase section */
		A7677E6425363AA5004FC18E /* Sources */ = {
			isa = PBXSourcesBuildPhase;
			buildActionMask = 2147483647;
			files = (
				A71D89412538FA9C00D26DD8 /* CafeTableViewCell.swift in Sources */,
				A7677E7025363AA5004FC18E /* ViewController.swift in Sources */,
				81F798D8253B3D3100A78EDB /* UIImageView+CarregarImagem.swift in Sources */,
				81F798C1253B304400A78EDB /* Pseudonimos.swift in Sources */,
				81F7989E253B2E6D00A78EDB /* R.generated.swift in Sources */,
				2CD67041253F888400D00B5E /* DetalheCafePresenter.swift in Sources */,
				81F79884253B178900A78EDB /* MenuProdutosViewController.swift in Sources */,
				A71D89392538F4B400D26DD8 /* CafesTableViewController.swift in Sources */,
				2CD67046253F890400D00B5E /* DetalheCafe+Protocolos.swift in Sources */,
				A703692125386C220031EF69 /* AcessorioItem.swift in Sources */,
				2CD67039253F7F8000D00B5E /* ContadorIntensidadeStackView.swift in Sources */,
				A78F143B2536593200CA0B85 /* CategoriaCafe.swift in Sources */,
				81F798C8253B31FF00A78EDB /* CategoriaDeCafeHeaderView.swift in Sources */,
				2CD67032253F77D200D00B5E /* DetalheCafeViewController.swift in Sources */,
				81F7988A253B1F4800A78EDB /* UIViewController+Barbadas.swift in Sources */,
				A78F145325365A4E00CA0B85 /* Endpoint.swift in Sources */,
				A7677E6C25363AA5004FC18E /* AppDelegate.swift in Sources */,
				A78F14402536595400CA0B85 /* Cafe.swift in Sources */,
				A703691C25386B930031EF69 /* Acessorio.swift in Sources */,
				A78F1445253659C000CA0B85 /* Maquina.swift in Sources */,
				A78F144B25365A0600CA0B85 /* Api.swift in Sources */,
				A7677E6E25363AA5004FC18E /* SceneDelegate.swift in Sources */,
			);
			runOnlyForDeploymentPostprocessing = 0;
		};
		A7677E7A25363AA7004FC18E /* Sources */ = {
			isa = PBXSourcesBuildPhase;
			buildActionMask = 2147483647;
			files = (
				A7677E8325363AA7004FC18E /* NospressoTests.swift in Sources */,
			);
			runOnlyForDeploymentPostprocessing = 0;
		};
		A7677E8525363AA7004FC18E /* Sources */ = {
			isa = PBXSourcesBuildPhase;
			buildActionMask = 2147483647;
			files = (
				A7677E8E25363AA7004FC18E /* NospressoUITests.swift in Sources */,
			);
			runOnlyForDeploymentPostprocessing = 0;
		};
/* End PBXSourcesBuildPhase section */

/* Begin PBXTargetDependency section */
		A7677E8025363AA7004FC18E /* PBXTargetDependency */ = {
			isa = PBXTargetDependency;
			target = A7677E6725363AA5004FC18E /* Nospresso */;
			targetProxy = A7677E7F25363AA7004FC18E /* PBXContainerItemProxy */;
		};
		A7677E8B25363AA7004FC18E /* PBXTargetDependency */ = {
			isa = PBXTargetDependency;
			target = A7677E6725363AA5004FC18E /* Nospresso */;
			targetProxy = A7677E8A25363AA7004FC18E /* PBXContainerItemProxy */;
		};
/* End PBXTargetDependency section */

/* Begin PBXVariantGroup section */
		A7677E7125363AA5004FC18E /* Main.storyboard */ = {
			isa = PBXVariantGroup;
			children = (
				A7677E7225363AA5004FC18E /* Base */,
			);
			name = Main.storyboard;
			sourceTree = "<group>";
		};
		A7677E7625363AA7004FC18E /* LaunchScreen.storyboard */ = {
			isa = PBXVariantGroup;
			children = (
				A7677E7725363AA7004FC18E /* Base */,
			);
			name = LaunchScreen.storyboard;
			sourceTree = "<group>";
		};
/* End PBXVariantGroup section */

/* Begin XCBuildConfiguration section */
		A7677E9025363AA7004FC18E /* Debug */ = {
			isa = XCBuildConfiguration;
			buildSettings = {
				ALWAYS_SEARCH_USER_PATHS = NO;
				CLANG_ANALYZER_NONNULL = YES;
				CLANG_ANALYZER_NUMBER_OBJECT_CONVERSION = YES_AGGRESSIVE;
				CLANG_CXX_LANGUAGE_STANDARD = "gnu++14";
				CLANG_CXX_LIBRARY = "libc++";
				CLANG_ENABLE_MODULES = YES;
				CLANG_ENABLE_OBJC_ARC = YES;
				CLANG_ENABLE_OBJC_WEAK = YES;
				CLANG_WARN_BLOCK_CAPTURE_AUTORELEASING = YES;
				CLANG_WARN_BOOL_CONVERSION = YES;
				CLANG_WARN_COMMA = YES;
				CLANG_WARN_CONSTANT_CONVERSION = YES;
				CLANG_WARN_DEPRECATED_OBJC_IMPLEMENTATIONS = YES;
				CLANG_WARN_DIRECT_OBJC_ISA_USAGE = YES_ERROR;
				CLANG_WARN_DOCUMENTATION_COMMENTS = YES;
				CLANG_WARN_EMPTY_BODY = YES;
				CLANG_WARN_ENUM_CONVERSION = YES;
				CLANG_WARN_INFINITE_RECURSION = YES;
				CLANG_WARN_INT_CONVERSION = YES;
				CLANG_WARN_NON_LITERAL_NULL_CONVERSION = YES;
				CLANG_WARN_OBJC_IMPLICIT_RETAIN_SELF = YES;
				CLANG_WARN_OBJC_LITERAL_CONVERSION = YES;
				CLANG_WARN_OBJC_ROOT_CLASS = YES_ERROR;
				CLANG_WARN_QUOTED_INCLUDE_IN_FRAMEWORK_HEADER = YES;
				CLANG_WARN_RANGE_LOOP_ANALYSIS = YES;
				CLANG_WARN_STRICT_PROTOTYPES = YES;
				CLANG_WARN_SUSPICIOUS_MOVE = YES;
				CLANG_WARN_UNGUARDED_AVAILABILITY = YES_AGGRESSIVE;
				CLANG_WARN_UNREACHABLE_CODE = YES;
				CLANG_WARN__DUPLICATE_METHOD_MATCH = YES;
				COPY_PHASE_STRIP = NO;
				DEBUG_INFORMATION_FORMAT = dwarf;
				ENABLE_STRICT_OBJC_MSGSEND = YES;
				ENABLE_TESTABILITY = YES;
				GCC_C_LANGUAGE_STANDARD = gnu11;
				GCC_DYNAMIC_NO_PIC = NO;
				GCC_NO_COMMON_BLOCKS = YES;
				GCC_OPTIMIZATION_LEVEL = 0;
				GCC_PREPROCESSOR_DEFINITIONS = (
					"DEBUG=1",
					"$(inherited)",
				);
				GCC_WARN_64_TO_32_BIT_CONVERSION = YES;
				GCC_WARN_ABOUT_RETURN_TYPE = YES_ERROR;
				GCC_WARN_UNDECLARED_SELECTOR = YES;
				GCC_WARN_UNINITIALIZED_AUTOS = YES_AGGRESSIVE;
				GCC_WARN_UNUSED_FUNCTION = YES;
				GCC_WARN_UNUSED_VARIABLE = YES;
				IPHONEOS_DEPLOYMENT_TARGET = 14.0;
				MTL_ENABLE_DEBUG_INFO = INCLUDE_SOURCE;
				MTL_FAST_MATH = YES;
				ONLY_ACTIVE_ARCH = YES;
				SDKROOT = iphoneos;
				SWIFT_ACTIVE_COMPILATION_CONDITIONS = DEBUG;
				SWIFT_OPTIMIZATION_LEVEL = "-Onone";
			};
			name = Debug;
		};
		A7677E9125363AA7004FC18E /* Release */ = {
			isa = XCBuildConfiguration;
			buildSettings = {
				ALWAYS_SEARCH_USER_PATHS = NO;
				CLANG_ANALYZER_NONNULL = YES;
				CLANG_ANALYZER_NUMBER_OBJECT_CONVERSION = YES_AGGRESSIVE;
				CLANG_CXX_LANGUAGE_STANDARD = "gnu++14";
				CLANG_CXX_LIBRARY = "libc++";
				CLANG_ENABLE_MODULES = YES;
				CLANG_ENABLE_OBJC_ARC = YES;
				CLANG_ENABLE_OBJC_WEAK = YES;
				CLANG_WARN_BLOCK_CAPTURE_AUTORELEASING = YES;
				CLANG_WARN_BOOL_CONVERSION = YES;
				CLANG_WARN_COMMA = YES;
				CLANG_WARN_CONSTANT_CONVERSION = YES;
				CLANG_WARN_DEPRECATED_OBJC_IMPLEMENTATIONS = YES;
				CLANG_WARN_DIRECT_OBJC_ISA_USAGE = YES_ERROR;
				CLANG_WARN_DOCUMENTATION_COMMENTS = YES;
				CLANG_WARN_EMPTY_BODY = YES;
				CLANG_WARN_ENUM_CONVERSION = YES;
				CLANG_WARN_INFINITE_RECURSION = YES;
				CLANG_WARN_INT_CONVERSION = YES;
				CLANG_WARN_NON_LITERAL_NULL_CONVERSION = YES;
				CLANG_WARN_OBJC_IMPLICIT_RETAIN_SELF = YES;
				CLANG_WARN_OBJC_LITERAL_CONVERSION = YES;
				CLANG_WARN_OBJC_ROOT_CLASS = YES_ERROR;
				CLANG_WARN_QUOTED_INCLUDE_IN_FRAMEWORK_HEADER = YES;
				CLANG_WARN_RANGE_LOOP_ANALYSIS = YES;
				CLANG_WARN_STRICT_PROTOTYPES = YES;
				CLANG_WARN_SUSPICIOUS_MOVE = YES;
				CLANG_WARN_UNGUARDED_AVAILABILITY = YES_AGGRESSIVE;
				CLANG_WARN_UNREACHABLE_CODE = YES;
				CLANG_WARN__DUPLICATE_METHOD_MATCH = YES;
				COPY_PHASE_STRIP = NO;
				DEBUG_INFORMATION_FORMAT = "dwarf-with-dsym";
				ENABLE_NS_ASSERTIONS = NO;
				ENABLE_STRICT_OBJC_MSGSEND = YES;
				GCC_C_LANGUAGE_STANDARD = gnu11;
				GCC_NO_COMMON_BLOCKS = YES;
				GCC_WARN_64_TO_32_BIT_CONVERSION = YES;
				GCC_WARN_ABOUT_RETURN_TYPE = YES_ERROR;
				GCC_WARN_UNDECLARED_SELECTOR = YES;
				GCC_WARN_UNINITIALIZED_AUTOS = YES_AGGRESSIVE;
				GCC_WARN_UNUSED_FUNCTION = YES;
				GCC_WARN_UNUSED_VARIABLE = YES;
				IPHONEOS_DEPLOYMENT_TARGET = 14.0;
				MTL_ENABLE_DEBUG_INFO = NO;
				MTL_FAST_MATH = YES;
				SDKROOT = iphoneos;
				SWIFT_COMPILATION_MODE = wholemodule;
				SWIFT_OPTIMIZATION_LEVEL = "-O";
				VALIDATE_PRODUCT = YES;
			};
			name = Release;
		};
		A7677E9325363AA7004FC18E /* Debug */ = {
			isa = XCBuildConfiguration;
			baseConfigurationReference = C6E886A33C071931C597D3ED /* Pods-Nospresso.debug.xcconfig */;
			buildSettings = {
				ASSETCATALOG_COMPILER_APPICON_NAME = AppIcon;
				ASSETCATALOG_COMPILER_GLOBAL_ACCENT_COLOR_NAME = AccentColor;
				CODE_SIGN_STYLE = Automatic;
				DEVELOPMENT_TEAM = V5LV8F8H2P;
				INFOPLIST_FILE = Nospresso/Info.plist;
				LD_RUNPATH_SEARCH_PATHS = (
					"$(inherited)",
					"@executable_path/Frameworks",
				);
				PRODUCT_BUNDLE_IDENTIFIER = br.com.cwi.treinamento.camille.Nospresso;
				PRODUCT_NAME = "$(TARGET_NAME)";
				SWIFT_VERSION = 5.0;
				TARGETED_DEVICE_FAMILY = "1,2";
			};
			name = Debug;
		};
		A7677E9425363AA7004FC18E /* Release */ = {
			isa = XCBuildConfiguration;
			baseConfigurationReference = 7B0002DB6B4AF97F9B1224EA /* Pods-Nospresso.release.xcconfig */;
			buildSettings = {
				ASSETCATALOG_COMPILER_APPICON_NAME = AppIcon;
				ASSETCATALOG_COMPILER_GLOBAL_ACCENT_COLOR_NAME = AccentColor;
				CODE_SIGN_STYLE = Automatic;
				DEVELOPMENT_TEAM = V5LV8F8H2P;
				INFOPLIST_FILE = Nospresso/Info.plist;
				LD_RUNPATH_SEARCH_PATHS = (
					"$(inherited)",
					"@executable_path/Frameworks",
				);
				PRODUCT_BUNDLE_IDENTIFIER = br.com.cwi.treinamento.camille.Nospresso;
				PRODUCT_NAME = "$(TARGET_NAME)";
				SWIFT_VERSION = 5.0;
				TARGETED_DEVICE_FAMILY = "1,2";
			};
			name = Release;
		};
		A7677E9625363AA7004FC18E /* Debug */ = {
			isa = XCBuildConfiguration;
			baseConfigurationReference = B62887B1061DB087DAAEC9A2 /* Pods-NospressoTests.debug.xcconfig */;
			buildSettings = {
				ALWAYS_EMBED_SWIFT_STANDARD_LIBRARIES = YES;
				BUNDLE_LOADER = "$(TEST_HOST)";
				CODE_SIGN_STYLE = Automatic;
				DEVELOPMENT_TEAM = V5LV8F8H2P;
				INFOPLIST_FILE = NospressoTests/Info.plist;
				IPHONEOS_DEPLOYMENT_TARGET = 14.0;
				LD_RUNPATH_SEARCH_PATHS = (
					"$(inherited)",
					"@executable_path/Frameworks",
					"@loader_path/Frameworks",
				);
				PRODUCT_BUNDLE_IDENTIFIER = br.com.cwi.treinamento.camille.NospressoTests;
				PRODUCT_NAME = "$(TARGET_NAME)";
				SWIFT_VERSION = 5.0;
				TARGETED_DEVICE_FAMILY = "1,2";
				TEST_HOST = "$(BUILT_PRODUCTS_DIR)/Nospresso.app/Nospresso";
			};
			name = Debug;
		};
		A7677E9725363AA7004FC18E /* Release */ = {
			isa = XCBuildConfiguration;
			baseConfigurationReference = 1A964DA7BE04C623F81C0DBE /* Pods-NospressoTests.release.xcconfig */;
			buildSettings = {
				ALWAYS_EMBED_SWIFT_STANDARD_LIBRARIES = YES;
				BUNDLE_LOADER = "$(TEST_HOST)";
				CODE_SIGN_STYLE = Automatic;
				DEVELOPMENT_TEAM = V5LV8F8H2P;
				INFOPLIST_FILE = NospressoTests/Info.plist;
				IPHONEOS_DEPLOYMENT_TARGET = 14.0;
				LD_RUNPATH_SEARCH_PATHS = (
					"$(inherited)",
					"@executable_path/Frameworks",
					"@loader_path/Frameworks",
				);
				PRODUCT_BUNDLE_IDENTIFIER = br.com.cwi.treinamento.camille.NospressoTests;
				PRODUCT_NAME = "$(TARGET_NAME)";
				SWIFT_VERSION = 5.0;
				TARGETED_DEVICE_FAMILY = "1,2";
				TEST_HOST = "$(BUILT_PRODUCTS_DIR)/Nospresso.app/Nospresso";
			};
			name = Release;
		};
		A7677E9925363AA7004FC18E /* Debug */ = {
			isa = XCBuildConfiguration;
			baseConfigurationReference = 78F070FA65CE622BF583B22D /* Pods-Nospresso-NospressoUITests.debug.xcconfig */;
			buildSettings = {
				ALWAYS_EMBED_SWIFT_STANDARD_LIBRARIES = YES;
				CODE_SIGN_STYLE = Automatic;
				DEVELOPMENT_TEAM = V5LV8F8H2P;
				INFOPLIST_FILE = NospressoUITests/Info.plist;
				LD_RUNPATH_SEARCH_PATHS = (
					"$(inherited)",
					"@executable_path/Frameworks",
					"@loader_path/Frameworks",
				);
				PRODUCT_BUNDLE_IDENTIFIER = br.com.cwi.treinamento.camille.NospressoUITests;
				PRODUCT_NAME = "$(TARGET_NAME)";
				SWIFT_VERSION = 5.0;
				TARGETED_DEVICE_FAMILY = "1,2";
				TEST_TARGET_NAME = Nospresso;
			};
			name = Debug;
		};
		A7677E9A25363AA7004FC18E /* Release */ = {
			isa = XCBuildConfiguration;
			baseConfigurationReference = EE401CBE903BE4304466895F /* Pods-Nospresso-NospressoUITests.release.xcconfig */;
			buildSettings = {
				ALWAYS_EMBED_SWIFT_STANDARD_LIBRARIES = YES;
				CODE_SIGN_STYLE = Automatic;
				DEVELOPMENT_TEAM = V5LV8F8H2P;
				INFOPLIST_FILE = NospressoUITests/Info.plist;
				LD_RUNPATH_SEARCH_PATHS = (
					"$(inherited)",
					"@executable_path/Frameworks",
					"@loader_path/Frameworks",
				);
				PRODUCT_BUNDLE_IDENTIFIER = br.com.cwi.treinamento.camille.NospressoUITests;
				PRODUCT_NAME = "$(TARGET_NAME)";
				SWIFT_VERSION = 5.0;
				TARGETED_DEVICE_FAMILY = "1,2";
				TEST_TARGET_NAME = Nospresso;
			};
			name = Release;
		};
/* End XCBuildConfiguration section */

/* Begin XCConfigurationList section */
		A7677E6325363AA5004FC18E /* Build configuration list for PBXProject "Nospresso" */ = {
			isa = XCConfigurationList;
			buildConfigurations = (
				A7677E9025363AA7004FC18E /* Debug */,
				A7677E9125363AA7004FC18E /* Release */,
			);
			defaultConfigurationIsVisible = 0;
			defaultConfigurationName = Release;
		};
		A7677E9225363AA7004FC18E /* Build configuration list for PBXNativeTarget "Nospresso" */ = {
			isa = XCConfigurationList;
			buildConfigurations = (
				A7677E9325363AA7004FC18E /* Debug */,
				A7677E9425363AA7004FC18E /* Release */,
			);
			defaultConfigurationIsVisible = 0;
			defaultConfigurationName = Release;
		};
		A7677E9525363AA7004FC18E /* Build configuration list for PBXNativeTarget "NospressoTests" */ = {
			isa = XCConfigurationList;
			buildConfigurations = (
				A7677E9625363AA7004FC18E /* Debug */,
				A7677E9725363AA7004FC18E /* Release */,
			);
			defaultConfigurationIsVisible = 0;
			defaultConfigurationName = Release;
		};
		A7677E9825363AA7004FC18E /* Build configuration list for PBXNativeTarget "NospressoUITests" */ = {
			isa = XCConfigurationList;
			buildConfigurations = (
				A7677E9925363AA7004FC18E /* Debug */,
				A7677E9A25363AA7004FC18E /* Release */,
			);
			defaultConfigurationIsVisible = 0;
			defaultConfigurationName = Release;
		};
/* End XCConfigurationList section */
	};
	rootObject = A7677E6025363AA5004FC18E /* Project object */;
}
